
Microsoft Visual Studio Solution File, Format Version 12.00
# Visual Studio Version 16
VisualStudioVersion = 16.0.28922.388
MinimumVisualStudioVersion = 10.0.40219.1
Project("{FAE04EC0-301F-11D3-BF4B-00C04F79EFBC}") = "MyMameHelper", "MyMameHelper\MyMameHelper.csproj", "{24E7CA3A-2FC2-4114-B768-4DD7F70C8DEF}"
EndProject
Global
	GlobalSection(SolutionConfigurationPlatforms) = preSolution
		Debug|Any CPU = Debug|Any CPU
		Release|Any CPU = Release|Any CPU
	EndGlobalSection
	GlobalSection(ProjectConfigurationPlatforms) = postSolution
		{24E7CA3A-2FC2-4114-B768-4DD7F70C8DEF}.Debug|Any CPU.ActiveCfg = Debug|Any CPU
		{24E7CA3A-2FC2-4114-B768-4DD7F70C8DEF}.Debug|Any CPU.Build.0 = Debug|Any CPU
		{24E7CA3A-2FC2-4114-B768-4DD7F70C8DEF}.Release|Any CPU.ActiveCfg = Release|Any CPU
		{24E7CA3A-2FC2-4114-B768-4DD7F70C8DEF}.Release|Any CPU.Build.0 = Release|Any CPU
	EndGlobalSection
	GlobalSection(SolutionProperties) = preSolution
		HideSolutionNode = FALSE
	EndGlobalSection
	GlobalSection(ExtensibilityGlobals) = postSolution
		SolutionGuid = {807A5C38-A1D0-4A13-98B0-BFAF844CECCC}
	EndGlobalSection
EndGlobal
